
Microsoft Visual Studio Solution File, Format Version 12.00
# Visual Studio Version 16
VisualStudioVersion = 16.0.30114.105
MinimumVisualStudioVersion = 10.0.40219.1
Project("{2150E333-8FDC-42A3-9474-1A3956D46DE8}") = "src", "src", "{B0A54940-3A5B-4BE2-8D38-324FEEA952F5}"
EndProject
Project("{FAE04EC0-301F-11D3-BF4B-00C04F79EFBC}") = "Restaurant.Api", "src\Restaurant.Api\Restaurant.Api.csproj", "{B9E5A93D-909C-4BC8-8397-2099F102F60C}"
EndProject
Global
	GlobalSection(SolutionConfigurationPlatforms) = preSolution
		Debug|Any CPU = Debug|Any CPU
		Release|Any CPU = Release|Any CPU
	EndGlobalSection
	GlobalSection(SolutionProperties) = preSolution
		HideSolutionNode = FALSE
	EndGlobalSection
	GlobalSection(ProjectConfigurationPlatforms) = postSolution
		{B9E5A93D-909C-4BC8-8397-2099F102F60C}.Debug|Any CPU.ActiveCfg = Debug|Any CPU
		{B9E5A93D-909C-4BC8-8397-2099F102F60C}.Debug|Any CPU.Build.0 = Debug|Any CPU
		{B9E5A93D-909C-4BC8-8397-2099F102F60C}.Release|Any CPU.ActiveCfg = Release|Any CPU
		{B9E5A93D-909C-4BC8-8397-2099F102F60C}.Release|Any CPU.Build.0 = Release|Any CPU
	EndGlobalSection
	GlobalSection(NestedProjects) = preSolution
		{B9E5A93D-909C-4BC8-8397-2099F102F60C} = {B0A54940-3A5B-4BE2-8D38-324FEEA952F5}
	EndGlobalSection
EndGlobal
